
Microsoft Visual Studio Solution File, Format Version 12.00
# Visual Studio Version 17
VisualStudioVersion = 17.5.33530.505
MinimumVisualStudioVersion = 10.0.40219.1
Project("{FAE04EC0-301F-11D3-BF4B-00C04F79EFBC}") = "PROJETO_SMIMA", "PROJETO_SMIMA\PROJETO_SMIMA.csproj", "{6E8A1CBF-7FEC-422F-A672-E708EAE675DC}"
EndProject
Global
	GlobalSection(SolutionConfigurationPlatforms) = preSolution
		Debug|Any CPU = Debug|Any CPU
		Release|Any CPU = Release|Any CPU
	EndGlobalSection
	GlobalSection(ProjectConfigurationPlatforms) = postSolution
		{6E8A1CBF-7FEC-422F-A672-E708EAE675DC}.Debug|Any CPU.ActiveCfg = Debug|Any CPU
		{6E8A1CBF-7FEC-422F-A672-E708EAE675DC}.Debug|Any CPU.Build.0 = Debug|Any CPU
		{6E8A1CBF-7FEC-422F-A672-E708EAE675DC}.Release|Any CPU.ActiveCfg = Release|Any CPU
		{6E8A1CBF-7FEC-422F-A672-E708EAE675DC}.Release|Any CPU.Build.0 = Release|Any CPU
	EndGlobalSection
	GlobalSection(SolutionProperties) = preSolution
		HideSolutionNode = FALSE
	EndGlobalSection
	GlobalSection(ExtensibilityGlobals) = postSolution
		SolutionGuid = {096DCF87-7C92-469A-9967-25CAB8546DE9}
	EndGlobalSection
EndGlobal
